
Microsoft Visual Studio Solution File, Format Version 12.00
# Visual Studio Version 17
VisualStudioVersion = 17.3.32929.385
MinimumVisualStudioVersion = 10.0.40219.1
Project("{8BC9CEB8-8B4A-11D0-8D11-00A0C91BC942}") = "HerosWar", "HerosWar\HerosWar.vcxproj", "{6A1423B9-4E53-49A8-B7D6-46BAD127EDA3}"
EndProject
Global
	GlobalSection(SolutionConfigurationPlatforms) = preSolution
		Debug|x64 = Debug|x64
		Debug|x86 = Debug|x86
		Release|x64 = Release|x64
		Release|x86 = Release|x86
	EndGlobalSection
	GlobalSection(ProjectConfigurationPlatforms) = postSolution
		{6A1423B9-4E53-49A8-B7D6-46BAD127EDA3}.Debug|x64.ActiveCfg = Debug|x64
		{6A1423B9-4E53-49A8-B7D6-46BAD127EDA3}.Debug|x64.Build.0 = Debug|x64
		{6A1423B9-4E53-49A8-B7D6-46BAD127EDA3}.Debug|x86.ActiveCfg = Debug|Win32
		{6A1423B9-4E53-49A8-B7D6-46BAD127EDA3}.Debug|x86.Build.0 = Debug|Win32
		{6A1423B9-4E53-49A8-B7D6-46BAD127EDA3}.Release|x64.ActiveCfg = Release|x64
		{6A1423B9-4E53-49A8-B7D6-46BAD127EDA3}.Release|x64.Build.0 = Release|x64
		{6A1423B9-4E53-49A8-B7D6-46BAD127EDA3}.Release|x86.ActiveCfg = Release|Win32
		{6A1423B9-4E53-49A8-B7D6-46BAD127EDA3}.Release|x86.Build.0 = Release|Win32
	EndGlobalSection
	GlobalSection(SolutionProperties) = preSolution
		HideSolutionNode = FALSE
	EndGlobalSection
	GlobalSection(ExtensibilityGlobals) = postSolution
		SolutionGuid = {8EDE68B5-2560-4D48-93B1-FCC037FAC063}
	EndGlobalSection
EndGlobal
